// !$*UTF8*$!
{
	archiveVersion = 1;
	classes = {
	};
	objectVersion = 55;
	objects = {

/* Begin PBXBuildFile section */
		640102DA2A0E813C006CE9B2 /* rstturApp.swift in Sources */ = {isa = PBXBuildFile; fileRef = 640102D92A0E813C006CE9B2 /* rstturApp.swift */; };
		640102DE2A0E8144006CE9B2 /* Assets.xcassets in Resources */ = {isa = PBXBuildFile; fileRef = 640102DD2A0E8144006CE9B2 /* Assets.xcassets */; };
		640102E12A0E8144006CE9B2 /* Preview Assets.xcassets in Resources */ = {isa = PBXBuildFile; fileRef = 640102E02A0E8144006CE9B2 /* Preview Assets.xcassets */; };
		640F061C2A0FA84C00B8202C /* CategoriesMainView.swift in Sources */ = {isa = PBXBuildFile; fileRef = 640F061B2A0FA84C00B8202C /* CategoriesMainView.swift */; };
		640F061E2A0FB54500B8202C /* CategoryItemView.swift in Sources */ = {isa = PBXBuildFile; fileRef = 640F061D2A0FB54500B8202C /* CategoryItemView.swift */; };
		640F06232A0FB67300B8202C /* CategoriesViewModel.swift in Sources */ = {isa = PBXBuildFile; fileRef = 640F06222A0FB67300B8202C /* CategoriesViewModel.swift */; };
		640F06252A0FB6C200B8202C /* CategoryItemModel.swift in Sources */ = {isa = PBXBuildFile; fileRef = 640F06242A0FB6C200B8202C /* CategoryItemModel.swift */; };
		640F06272A0FB74500B8202C /* Env_Colors_Regular.txt in Resources */ = {isa = PBXBuildFile; fileRef = 640F06262A0FB74500B8202C /* Env_Colors_Regular.txt */; };
		640F062C2A0FB87900B8202C /* PlacesListView.swift in Sources */ = {isa = PBXBuildFile; fileRef = 640F062B2A0FB87900B8202C /* PlacesListView.swift */; };
		640F062E2A0FB8EA00B8202C /* PlacesItemView.swift in Sources */ = {isa = PBXBuildFile; fileRef = 640F062D2A0FB8EA00B8202C /* PlacesItemView.swift */; };
		640F063A2A0FBBA900B8202C /* Color_from_hex.swift in Sources */ = {isa = PBXBuildFile; fileRef = 640F06392A0FBBA900B8202C /* Color_from_hex.swift */; };
		640F063C2A0FBC1200B8202C /* BackendNetworkModels.swift in Sources */ = {isa = PBXBuildFile; fileRef = 640F063B2A0FBC1200B8202C /* BackendNetworkModels.swift */; };
		640F063E2A0FBCCA00B8202C /* DeeplinkService.swift in Sources */ = {isa = PBXBuildFile; fileRef = 640F063D2A0FBCCA00B8202C /* DeeplinkService.swift */; };
		640F06402A0FBCDE00B8202C /* BackendNetworkService.swift in Sources */ = {isa = PBXBuildFile; fileRef = 640F063F2A0FBCDE00B8202C /* BackendNetworkService.swift */; };
		641417F42A128F6C00CA30CB /* Color_from_rgba.swift in Sources */ = {isa = PBXBuildFile; fileRef = 641417F32A128F6C00CA30CB /* Color_from_rgba.swift */; };
		64A5EA922A12959A00AFBA5D /* Env_Colors_Dictionary.swift in Sources */ = {isa = PBXBuildFile; fileRef = 64A5EA912A12959A00AFBA5D /* Env_Colors_Dictionary.swift */; };
		64A5EA952A12AA8700AFBA5D /* SafePlaceImageView.swift in Sources */ = {isa = PBXBuildFile; fileRef = 64A5EA942A12AA8700AFBA5D /* SafePlaceImageView.swift */; };
		64A5EA972A12D20E00AFBA5D /* DetailPlaceView.swift in Sources */ = {isa = PBXBuildFile; fileRef = 64A5EA962A12D20D00AFBA5D /* DetailPlaceView.swift */; };
		64A5EA9A2A12D56E00AFBA5D /* PlaceDataModel_default_init.swift in Sources */ = {isa = PBXBuildFile; fileRef = 64A5EA992A12D56E00AFBA5D /* PlaceDataModel_default_init.swift */; };
		64A5EA9D2A12E7D500AFBA5D /* Compressed_UIImage.swift in Sources */ = {isa = PBXBuildFile; fileRef = 64A5EA9C2A12E7D400AFBA5D /* Compressed_UIImage.swift */; };
		64A5EAA02A12F18B00AFBA5D /* DataCashingService.swift in Sources */ = {isa = PBXBuildFile; fileRef = 64A5EA9F2A12F18B00AFBA5D /* DataCashingService.swift */; };
		64A5EAA62A138AA700AFBA5D /* WorkingHoursItemModel.swift in Sources */ = {isa = PBXBuildFile; fileRef = 64A5EAA52A138AA700AFBA5D /* WorkingHoursItemModel.swift */; };
		64A5EAA82A138E0100AFBA5D /* WorkingHoursDataModel_converted.swift in Sources */ = {isa = PBXBuildFile; fileRef = 64A5EAA72A138E0100AFBA5D /* WorkingHoursDataModel_converted.swift */; };
		64A5EAAC2A1396EE00AFBA5D /* WorkingDaysView.swift in Sources */ = {isa = PBXBuildFile; fileRef = 64A5EAAB2A1396EE00AFBA5D /* WorkingDaysView.swift */; };
		64A5EAB02A13E94F00AFBA5D /* LoadingTextView.swift in Sources */ = {isa = PBXBuildFile; fileRef = 64A5EAAF2A13E94F00AFBA5D /* LoadingTextView.swift */; };
		64F874D02A0FD5EB00064F56 /* Env_Colors.swift in Sources */ = {isa = PBXBuildFile; fileRef = 64F874CF2A0FD5EB00064F56 /* Env_Colors.swift */; };
		64F874D32A0FE0F900064F56 /* swiftgen.yml in Resources */ = {isa = PBXBuildFile; fileRef = 64F874D22A0FE0F900064F56 /* swiftgen.yml */; };
		64F874D82A0FED5800064F56 /* Env_Colors_Gradient.txt in Resources */ = {isa = PBXBuildFile; fileRef = 64F874D72A0FED5800064F56 /* Env_Colors_Gradient.txt */; };
		64F874DA2A0FED9A00064F56 /* Env_Colors_Gradient.swift in Sources */ = {isa = PBXBuildFile; fileRef = 64F874D92A0FED9A00064F56 /* Env_Colors_Gradient.swift */; };
		64F874E02A100D1800064F56 /* Env_Colors_Gradient.json in Resources */ = {isa = PBXBuildFile; fileRef = 64F874DF2A100D1800064F56 /* Env_Colors_Gradient.json */; };
		64F874EF2A10516700064F56 /* LinearGradient_init.swift in Sources */ = {isa = PBXBuildFile; fileRef = 64F874EE2A10516700064F56 /* LinearGradient_init.swift */; };
		64F874F12A1051FD00064F56 /* Dictionary_to_LinearGradient.swift in Sources */ = {isa = PBXBuildFile; fileRef = 64F874F02A1051FD00064F56 /* Dictionary_to_LinearGradient.swift */; };
		64F874F82A1158BA00064F56 /* LinearGradientModel.swift in Sources */ = {isa = PBXBuildFile; fileRef = 64F874F72A1158BA00064F56 /* LinearGradientModel.swift */; };
		64F874FC2A11662800064F56 /* BackendURLBuilder.swift in Sources */ = {isa = PBXBuildFile; fileRef = 64F874FB2A11662800064F56 /* BackendURLBuilder.swift */; };
		64F874FE2A1166DB00064F56 /* BackendRequestBuilder.swift in Sources */ = {isa = PBXBuildFile; fileRef = 64F874FD2A1166DB00064F56 /* BackendRequestBuilder.swift */; };
		64F875022A1167AB00064F56 /* BackendRequestType.swift in Sources */ = {isa = PBXBuildFile; fileRef = 64F875012A1167AB00064F56 /* BackendRequestType.swift */; };
		64F875042A11735300064F56 /* BackendNetworkErrors.swift in Sources */ = {isa = PBXBuildFile; fileRef = 64F875032A11735300064F56 /* BackendNetworkErrors.swift */; };
		9B7926725F6DC58715C8CEC9 /* Pods_rsttur.framework in Frameworks */ = {isa = PBXBuildFile; fileRef = 5A4CFBFCFA95A18DDBAC192D /* Pods_rsttur.framework */; };
/* End PBXBuildFile section */

/* Begin PBXFileReference section */
		5A4CFBFCFA95A18DDBAC192D /* Pods_rsttur.framework */ = {isa = PBXFileReference; explicitFileType = wrapper.framework; includeInIndex = 0; path = Pods_rsttur.framework; sourceTree = BUILT_PRODUCTS_DIR; };
		640102D62A0E813C006CE9B2 /* rsttur.app */ = {isa = PBXFileReference; explicitFileType = wrapper.application; includeInIndex = 0; path = rsttur.app; sourceTree = BUILT_PRODUCTS_DIR; };
		640102D92A0E813C006CE9B2 /* rstturApp.swift */ = {isa = PBXFileReference; lastKnownFileType = sourcecode.swift; path = rstturApp.swift; sourceTree = "<group>"; };
		640102DD2A0E8144006CE9B2 /* Assets.xcassets */ = {isa = PBXFileReference; lastKnownFileType = folder.assetcatalog; path = Assets.xcassets; sourceTree = "<group>"; };
		640102E02A0E8144006CE9B2 /* Preview Assets.xcassets */ = {isa = PBXFileReference; lastKnownFileType = folder.assetcatalog; path = "Preview Assets.xcassets"; sourceTree = "<group>"; };
		640F061B2A0FA84C00B8202C /* CategoriesMainView.swift */ = {isa = PBXFileReference; lastKnownFileType = sourcecode.swift; path = CategoriesMainView.swift; sourceTree = "<group>"; };
		640F061D2A0FB54500B8202C /* CategoryItemView.swift */ = {isa = PBXFileReference; lastKnownFileType = sourcecode.swift; path = CategoryItemView.swift; sourceTree = "<group>"; };
		640F06222A0FB67300B8202C /* CategoriesViewModel.swift */ = {isa = PBXFileReference; lastKnownFileType = sourcecode.swift; path = CategoriesViewModel.swift; sourceTree = "<group>"; };
		640F06242A0FB6C200B8202C /* CategoryItemModel.swift */ = {isa = PBXFileReference; lastKnownFileType = sourcecode.swift; path = CategoryItemModel.swift; sourceTree = "<group>"; };
		640F06262A0FB74500B8202C /* Env_Colors_Regular.txt */ = {isa = PBXFileReference; lastKnownFileType = text; path = Env_Colors_Regular.txt; sourceTree = "<group>"; };
		640F062B2A0FB87900B8202C /* PlacesListView.swift */ = {isa = PBXFileReference; lastKnownFileType = sourcecode.swift; path = PlacesListView.swift; sourceTree = "<group>"; };
		640F062D2A0FB8EA00B8202C /* PlacesItemView.swift */ = {isa = PBXFileReference; lastKnownFileType = sourcecode.swift; path = PlacesItemView.swift; sourceTree = "<group>"; };
		640F06392A0FBBA900B8202C /* Color_from_hex.swift */ = {isa = PBXFileReference; lastKnownFileType = sourcecode.swift; path = Color_from_hex.swift; sourceTree = "<group>"; };
		640F063B2A0FBC1200B8202C /* BackendNetworkModels.swift */ = {isa = PBXFileReference; lastKnownFileType = sourcecode.swift; path = BackendNetworkModels.swift; sourceTree = "<group>"; };
		640F063D2A0FBCCA00B8202C /* DeeplinkService.swift */ = {isa = PBXFileReference; lastKnownFileType = sourcecode.swift; path = DeeplinkService.swift; sourceTree = "<group>"; };
		640F063F2A0FBCDE00B8202C /* BackendNetworkService.swift */ = {isa = PBXFileReference; lastKnownFileType = sourcecode.swift; path = BackendNetworkService.swift; sourceTree = "<group>"; };
		641417F32A128F6C00CA30CB /* Color_from_rgba.swift */ = {isa = PBXFileReference; lastKnownFileType = sourcecode.swift; path = Color_from_rgba.swift; sourceTree = "<group>"; };
		64A5EA912A12959A00AFBA5D /* Env_Colors_Dictionary.swift */ = {isa = PBXFileReference; lastKnownFileType = sourcecode.swift; path = Env_Colors_Dictionary.swift; sourceTree = "<group>"; };
		64A5EA942A12AA8700AFBA5D /* SafePlaceImageView.swift */ = {isa = PBXFileReference; lastKnownFileType = sourcecode.swift; path = SafePlaceImageView.swift; sourceTree = "<group>"; };
		64A5EA962A12D20D00AFBA5D /* DetailPlaceView.swift */ = {isa = PBXFileReference; lastKnownFileType = sourcecode.swift; path = DetailPlaceView.swift; sourceTree = "<group>"; };
		64A5EA992A12D56E00AFBA5D /* PlaceDataModel_default_init.swift */ = {isa = PBXFileReference; lastKnownFileType = sourcecode.swift; path = PlaceDataModel_default_init.swift; sourceTree = "<group>"; };
		64A5EA9C2A12E7D400AFBA5D /* Compressed_UIImage.swift */ = {isa = PBXFileReference; lastKnownFileType = sourcecode.swift; path = Compressed_UIImage.swift; sourceTree = "<group>"; };
		64A5EA9F2A12F18B00AFBA5D /* DataCashingService.swift */ = {isa = PBXFileReference; lastKnownFileType = sourcecode.swift; path = DataCashingService.swift; sourceTree = "<group>"; };
		64A5EAA52A138AA700AFBA5D /* WorkingHoursItemModel.swift */ = {isa = PBXFileReference; lastKnownFileType = sourcecode.swift; path = WorkingHoursItemModel.swift; sourceTree = "<group>"; };
		64A5EAA72A138E0100AFBA5D /* WorkingHoursDataModel_converted.swift */ = {isa = PBXFileReference; lastKnownFileType = sourcecode.swift; path = WorkingHoursDataModel_converted.swift; sourceTree = "<group>"; };
		64A5EAAB2A1396EE00AFBA5D /* WorkingDaysView.swift */ = {isa = PBXFileReference; lastKnownFileType = sourcecode.swift; path = WorkingDaysView.swift; sourceTree = "<group>"; };
		64A5EAAD2A13D24800AFBA5D /* Info.plist */ = {isa = PBXFileReference; lastKnownFileType = text.plist.xml; path = Info.plist; sourceTree = "<group>"; };
		64A5EAAF2A13E94F00AFBA5D /* LoadingTextView.swift */ = {isa = PBXFileReference; lastKnownFileType = sourcecode.swift; path = LoadingTextView.swift; sourceTree = "<group>"; };
		64F874CF2A0FD5EB00064F56 /* Env_Colors.swift */ = {isa = PBXFileReference; lastKnownFileType = sourcecode.swift; path = Env_Colors.swift; sourceTree = "<group>"; };
		64F874D22A0FE0F900064F56 /* swiftgen.yml */ = {isa = PBXFileReference; fileEncoding = 4; lastKnownFileType = text.yaml; path = swiftgen.yml; sourceTree = "<group>"; };
		64F874D72A0FED5800064F56 /* Env_Colors_Gradient.txt */ = {isa = PBXFileReference; lastKnownFileType = text; path = Env_Colors_Gradient.txt; sourceTree = "<group>"; };
		64F874D92A0FED9A00064F56 /* Env_Colors_Gradient.swift */ = {isa = PBXFileReference; lastKnownFileType = sourcecode.swift; path = Env_Colors_Gradient.swift; sourceTree = "<group>"; };
		64F874DF2A100D1800064F56 /* Env_Colors_Gradient.json */ = {isa = PBXFileReference; lastKnownFileType = text.json; path = Env_Colors_Gradient.json; sourceTree = "<group>"; };
		64F874EE2A10516700064F56 /* LinearGradient_init.swift */ = {isa = PBXFileReference; lastKnownFileType = sourcecode.swift; path = LinearGradient_init.swift; sourceTree = "<group>"; };
		64F874F02A1051FD00064F56 /* Dictionary_to_LinearGradient.swift */ = {isa = PBXFileReference; lastKnownFileType = sourcecode.swift; path = Dictionary_to_LinearGradient.swift; sourceTree = "<group>"; };
		64F874F72A1158BA00064F56 /* LinearGradientModel.swift */ = {isa = PBXFileReference; lastKnownFileType = sourcecode.swift; path = LinearGradientModel.swift; sourceTree = "<group>"; };
		64F874FB2A11662800064F56 /* BackendURLBuilder.swift */ = {isa = PBXFileReference; lastKnownFileType = sourcecode.swift; path = BackendURLBuilder.swift; sourceTree = "<group>"; };
		64F874FD2A1166DB00064F56 /* BackendRequestBuilder.swift */ = {isa = PBXFileReference; lastKnownFileType = sourcecode.swift; path = BackendRequestBuilder.swift; sourceTree = "<group>"; };
		64F875012A1167AB00064F56 /* BackendRequestType.swift */ = {isa = PBXFileReference; lastKnownFileType = sourcecode.swift; path = BackendRequestType.swift; sourceTree = "<group>"; };
		64F875032A11735300064F56 /* BackendNetworkErrors.swift */ = {isa = PBXFileReference; lastKnownFileType = sourcecode.swift; path = BackendNetworkErrors.swift; sourceTree = "<group>"; };
		9B2B666E1E3C40511091C86F /* Pods-rsttur.debug.xcconfig */ = {isa = PBXFileReference; includeInIndex = 1; lastKnownFileType = text.xcconfig; name = "Pods-rsttur.debug.xcconfig"; path = "Target Support Files/Pods-rsttur/Pods-rsttur.debug.xcconfig"; sourceTree = "<group>"; };
		FAA85B4B71EEBD9922733D62 /* Pods-rsttur.release.xcconfig */ = {isa = PBXFileReference; includeInIndex = 1; lastKnownFileType = text.xcconfig; name = "Pods-rsttur.release.xcconfig"; path = "Target Support Files/Pods-rsttur/Pods-rsttur.release.xcconfig"; sourceTree = "<group>"; };
/* End PBXFileReference section */

/* Begin PBXFrameworksBuildPhase section */
		640102D32A0E813C006CE9B2 /* Frameworks */ = {
			isa = PBXFrameworksBuildPhase;
			buildActionMask = 2147483647;
			files = (
				9B7926725F6DC58715C8CEC9 /* Pods_rsttur.framework in Frameworks */,
			);
			runOnlyForDeploymentPostprocessing = 0;
		};
/* End PBXFrameworksBuildPhase section */

/* Begin PBXGroup section */
		640102CD2A0E813C006CE9B2 = {
			isa = PBXGroup;
			children = (
				64F874D22A0FE0F900064F56 /* swiftgen.yml */,
				640102D82A0E813C006CE9B2 /* rsttur */,
				640102D72A0E813C006CE9B2 /* Products */,
				8E13E736A5A2008D48E8CC4F /* Pods */,
				C1344CE578DE975CB95DF96E /* Frameworks */,
			);
			sourceTree = "<group>";
		};
		640102D72A0E813C006CE9B2 /* Products */ = {
			isa = PBXGroup;
			children = (
				640102D62A0E813C006CE9B2 /* rsttur.app */,
			);
			name = Products;
			sourceTree = "<group>";
		};
		640102D82A0E813C006CE9B2 /* rsttur */ = {
			isa = PBXGroup;
			children = (
				640102E72A0E819E006CE9B2 /* Sources */,
				640102E82A0E81A6006CE9B2 /* Resources */,
			);
			path = rsttur;
			sourceTree = "<group>";
		};
		640102E72A0E819E006CE9B2 /* Sources */ = {
			isa = PBXGroup;
			children = (
				640F06342A0FB9F900B8202C /* Common */,
				640F06332A0FB9E300B8202C /* Services */,
				640102E92A0E81CA006CE9B2 /* Scenes */,
				640F06382A0FBB8B00B8202C /* Extensions */,
			);
			path = Sources;
			sourceTree = "<group>";
		};
		640102E82A0E81A6006CE9B2 /* Resources */ = {
			isa = PBXGroup;
			children = (
				64A5EAAE2A13D3A000AFBA5D /* Plists */,
				64F874D42A0FED0600064F56 /* Assets */,
				64F874D52A0FED0E00064F56 /* Colors_txt */,
				64F874DE2A100CB000064F56 /* Colors_json */,
				64F874D62A0FED2500064F56 /* Generated */,
			);
			path = Resources;
			sourceTree = "<group>";
		};
		640102E92A0E81CA006CE9B2 /* Scenes */ = {
			isa = PBXGroup;
			children = (
				640F06192A0FA6B500B8202C /* ObjectsListScene */,
			);
			path = Scenes;
			sourceTree = "<group>";
		};
		640F06192A0FA6B500B8202C /* ObjectsListScene */ = {
			isa = PBXGroup;
			children = (
				640F06212A0FB65500B8202C /* Models */,
				640F06202A0FB64D00B8202C /* ViewModel */,
				640F061F2A0FB64100B8202C /* Views */,
			);
			path = ObjectsListScene;
			sourceTree = "<group>";
		};
		640F061F2A0FB64100B8202C /* Views */ = {
			isa = PBXGroup;
			children = (
				64A5EAA92A13953A00AFBA5D /* ContentHolders */,
				64A5EAAA2A13954B00AFBA5D /* Supplementary */,
			);
			path = Views;
			sourceTree = "<group>";
		};
		640F06202A0FB64D00B8202C /* ViewModel */ = {
			isa = PBXGroup;
			children = (
				640F06222A0FB67300B8202C /* CategoriesViewModel.swift */,
			);
			path = ViewModel;
			sourceTree = "<group>";
		};
		640F06212A0FB65500B8202C /* Models */ = {
			isa = PBXGroup;
			children = (
				640F06242A0FB6C200B8202C /* CategoryItemModel.swift */,
				64A5EAA52A138AA700AFBA5D /* WorkingHoursItemModel.swift */,
			);
			path = Models;
			sourceTree = "<group>";
		};
		640F06332A0FB9E300B8202C /* Services */ = {
			isa = PBXGroup;
			children = (
				64A5EA9E2A12F16900AFBA5D /* Storage */,
				64F874FA2A11617100064F56 /* Deeplink */,
				640F06372A0FBB7C00B8202C /* Network */,
			);
			path = Services;
			sourceTree = "<group>";
		};
		640F06342A0FB9F900B8202C /* Common */ = {
			isa = PBXGroup;
			children = (
				640F06352A0FBB1400B8202C /* App */,
				64F874F62A11589900064F56 /* Models */,
			);
			path = Common;
			sourceTree = "<group>";
		};
		640F06352A0FBB1400B8202C /* App */ = {
			isa = PBXGroup;
			children = (
				640102D92A0E813C006CE9B2 /* rstturApp.swift */,
			);
			path = App;
			sourceTree = "<group>";
		};
		640F06372A0FBB7C00B8202C /* Network */ = {
			isa = PBXGroup;
			children = (
				640F063F2A0FBCDE00B8202C /* BackendNetworkService.swift */,
				64F874FB2A11662800064F56 /* BackendURLBuilder.swift */,
				64F874FD2A1166DB00064F56 /* BackendRequestBuilder.swift */,
				64F875012A1167AB00064F56 /* BackendRequestType.swift */,
				64F875032A11735300064F56 /* BackendNetworkErrors.swift */,
			);
			path = Network;
			sourceTree = "<group>";
		};
		640F06382A0FBB8B00B8202C /* Extensions */ = {
			isa = PBXGroup;
			children = (
				64A5EA9B2A12E7B000AFBA5D /* UIImage */,
				64A5EA982A12D54400AFBA5D /* Uncategorized */,
				641417F02A128F4100CA30CB /* LinearGradient */,
				641417ED2A128F3400CA30CB /* Color */,
			);
			path = Extensions;
			sourceTree = "<group>";
		};
		641417ED2A128F3400CA30CB /* Color */ = {
			isa = PBXGroup;
			children = (
				641417F32A128F6C00CA30CB /* Color_from_rgba.swift */,
				640F06392A0FBBA900B8202C /* Color_from_hex.swift */,
			);
			path = Color;
			sourceTree = "<group>";
		};
		641417F02A128F4100CA30CB /* LinearGradient */ = {
			isa = PBXGroup;
			children = (
				64F874EE2A10516700064F56 /* LinearGradient_init.swift */,
				64F874F02A1051FD00064F56 /* Dictionary_to_LinearGradient.swift */,
			);
			path = LinearGradient;
			sourceTree = "<group>";
		};
		64A5EA982A12D54400AFBA5D /* Uncategorized */ = {
			isa = PBXGroup;
			children = (
				64A5EA992A12D56E00AFBA5D /* PlaceDataModel_default_init.swift */,
				64A5EAA72A138E0100AFBA5D /* WorkingHoursDataModel_converted.swift */,
			);
			path = Uncategorized;
			sourceTree = "<group>";
		};
		64A5EA9B2A12E7B000AFBA5D /* UIImage */ = {
			isa = PBXGroup;
			children = (
				64A5EA9C2A12E7D400AFBA5D /* Compressed_UIImage.swift */,
			);
			path = UIImage;
			sourceTree = "<group>";
		};
		64A5EA9E2A12F16900AFBA5D /* Storage */ = {
			isa = PBXGroup;
			children = (
				64A5EA9F2A12F18B00AFBA5D /* DataCashingService.swift */,
			);
			path = Storage;
			sourceTree = "<group>";
		};
		64A5EAA92A13953A00AFBA5D /* ContentHolders */ = {
			isa = PBXGroup;
			children = (
				64A5EA962A12D20D00AFBA5D /* DetailPlaceView.swift */,
				640F061B2A0FA84C00B8202C /* CategoriesMainView.swift */,
				640F062B2A0FB87900B8202C /* PlacesListView.swift */,
			);
			path = ContentHolders;
			sourceTree = "<group>";
		};
		64A5EAAA2A13954B00AFBA5D /* Supplementary */ = {
			isa = PBXGroup;
			children = (
				64A5EA942A12AA8700AFBA5D /* SafePlaceImageView.swift */,
				640F062D2A0FB8EA00B8202C /* PlacesItemView.swift */,
				640F061D2A0FB54500B8202C /* CategoryItemView.swift */,
				64A5EAAB2A1396EE00AFBA5D /* WorkingDaysView.swift */,
				64A5EAAF2A13E94F00AFBA5D /* LoadingTextView.swift */,
			);
			path = Supplementary;
			sourceTree = "<group>";
		};
		64A5EAAE2A13D3A000AFBA5D /* Plists */ = {
			isa = PBXGroup;
			children = (
				64A5EAAD2A13D24800AFBA5D /* Info.plist */,
			);
			path = Plists;
			sourceTree = "<group>";
		};
		64F874D42A0FED0600064F56 /* Assets */ = {
			isa = PBXGroup;
			children = (
				640102DD2A0E8144006CE9B2 /* Assets.xcassets */,
				640102E02A0E8144006CE9B2 /* Preview Assets.xcassets */,
			);
			path = Assets;
			sourceTree = "<group>";
		};
		64F874D52A0FED0E00064F56 /* Colors_txt */ = {
			isa = PBXGroup;
			children = (
				64F874D72A0FED5800064F56 /* Env_Colors_Gradient.txt */,
				640F06262A0FB74500B8202C /* Env_Colors_Regular.txt */,
			);
			path = Colors_txt;
			sourceTree = "<group>";
		};
		64F874D62A0FED2500064F56 /* Generated */ = {
			isa = PBXGroup;
			children = (
				64F874CF2A0FD5EB00064F56 /* Env_Colors.swift */,
				64F874D92A0FED9A00064F56 /* Env_Colors_Gradient.swift */,
				64A5EA912A12959A00AFBA5D /* Env_Colors_Dictionary.swift */,
			);
			path = Generated;
			sourceTree = "<group>";
		};
		64F874DE2A100CB000064F56 /* Colors_json */ = {
			isa = PBXGroup;
			children = (
				64F874DF2A100D1800064F56 /* Env_Colors_Gradient.json */,
			);
			path = Colors_json;
			sourceTree = "<group>";
		};
		64F874F62A11589900064F56 /* Models */ = {
			isa = PBXGroup;
			children = (
				64F874F72A1158BA00064F56 /* LinearGradientModel.swift */,
				640F063B2A0FBC1200B8202C /* BackendNetworkModels.swift */,
			);
			path = Models;
			sourceTree = "<group>";
		};
		64F874FA2A11617100064F56 /* Deeplink */ = {
			isa = PBXGroup;
			children = (
				640F063D2A0FBCCA00B8202C /* DeeplinkService.swift */,
			);
			path = Deeplink;
			sourceTree = "<group>";
		};
		8E13E736A5A2008D48E8CC4F /* Pods */ = {
			isa = PBXGroup;
			children = (
				9B2B666E1E3C40511091C86F /* Pods-rsttur.debug.xcconfig */,
				FAA85B4B71EEBD9922733D62 /* Pods-rsttur.release.xcconfig */,
			);
			path = Pods;
			sourceTree = "<group>";
		};
		C1344CE578DE975CB95DF96E /* Frameworks */ = {
			isa = PBXGroup;
			children = (
				5A4CFBFCFA95A18DDBAC192D /* Pods_rsttur.framework */,
			);
			name = Frameworks;
			sourceTree = "<group>";
		};
/* End PBXGroup section */

/* Begin PBXNativeTarget section */
		640102D52A0E813C006CE9B2 /* rsttur */ = {
			isa = PBXNativeTarget;
			buildConfigurationList = 640102E42A0E8144006CE9B2 /* Build configuration list for PBXNativeTarget "rsttur" */;
			buildPhases = (
				F34DC5673FEAA221572456E8 /* [CP] Check Pods Manifest.lock */,
				64F874E12A100EA400064F56 /* Convert txt to json */,
				64A5EA932A12965B00AFBA5D /* Generate colors dictionary */,
				64F874CD2A0FCEFC00064F56 /* SwiftGen */,
				640102D22A0E813C006CE9B2 /* Sources */,
				640102D32A0E813C006CE9B2 /* Frameworks */,
				640102D42A0E813C006CE9B2 /* Resources */,
			);
			buildRules = (
			);
			dependencies = (
			);
			name = rsttur;
			productName = rsttur;
			productReference = 640102D62A0E813C006CE9B2 /* rsttur.app */;
			productType = "com.apple.product-type.application";
		};
/* End PBXNativeTarget section */

/* Begin PBXProject section */
		640102CE2A0E813C006CE9B2 /* Project object */ = {
			isa = PBXProject;
			attributes = {
				BuildIndependentTargetsInParallel = 1;
				LastSwiftUpdateCheck = 1320;
				LastUpgradeCheck = 1320;
				TargetAttributes = {
					640102D52A0E813C006CE9B2 = {
						CreatedOnToolsVersion = 13.2.1;
					};
				};
			};
			buildConfigurationList = 640102D12A0E813C006CE9B2 /* Build configuration list for PBXProject "rsttur" */;
			compatibilityVersion = "Xcode 13.0";
			developmentRegion = en;
			hasScannedForEncodings = 0;
			knownRegions = (
				en,
				Base,
			);
			mainGroup = 640102CD2A0E813C006CE9B2;
			productRefGroup = 640102D72A0E813C006CE9B2 /* Products */;
			projectDirPath = "";
			projectRoot = "";
			targets = (
				640102D52A0E813C006CE9B2 /* rsttur */,
			);
		};
/* End PBXProject section */

/* Begin PBXResourcesBuildPhase section */
		640102D42A0E813C006CE9B2 /* Resources */ = {
			isa = PBXResourcesBuildPhase;
			buildActionMask = 2147483647;
			files = (
				64F874D82A0FED5800064F56 /* Env_Colors_Gradient.txt in Resources */,
				640102E12A0E8144006CE9B2 /* Preview Assets.xcassets in Resources */,
				64F874E02A100D1800064F56 /* Env_Colors_Gradient.json in Resources */,
				640102DE2A0E8144006CE9B2 /* Assets.xcassets in Resources */,
				640F06272A0FB74500B8202C /* Env_Colors_Regular.txt in Resources */,
				64F874D32A0FE0F900064F56 /* swiftgen.yml in Resources */,
			);
			runOnlyForDeploymentPostprocessing = 0;
		};
/* End PBXResourcesBuildPhase section */

/* Begin PBXShellScriptBuildPhase section */
		64A5EA932A12965B00AFBA5D /* Generate colors dictionary */ = {
			isa = PBXShellScriptBuildPhase;
			buildActionMask = 2147483647;
			files = (
			);
			inputFileListPaths = (
			);
			inputPaths = (
			);
			name = "Generate colors dictionary";
			outputFileListPaths = (
			);
			outputPaths = (
			);
			runOnlyForDeploymentPostprocessing = 0;
			shellPath = /bin/sh;
			shellScript = "#!/bin/bash\n\nINPUT_FILE=\"rsttur/Resources/Colors_txt/Env_Colors_Regular.txt\"\nOUTPUT_FILE=\"rsttur/Resources/Generated/Env_Colors_Dictionary.swift\"\n\necho \"\" > $OUTPUT_FILE\necho \"// MARK: - Generated dictionary\" >> $OUTPUT_FILE\necho \"\" >> $OUTPUT_FILE\necho \"struct Env_Colors_Dictionary {\" >> $OUTPUT_FILE\necho \"    public static let colors: [String: String] = [\" >> $OUTPUT_FILE\n\nregex=\"^([^:]+): #([0-9a-fA-F]{6})$\"\n\nwhile read line; do\n  if [[ $line =~ $regex ]]; then\n    name=\"${BASH_REMATCH[1]}\"\n    color=\"${BASH_REMATCH[2]}\"\n    \n    echo \"        \\\"$name\\\": \\\"#$color\\\",\" >> $OUTPUT_FILE\n  fi\ndone < \"$INPUT_FILE\"\n\necho \"    ]\" >> $OUTPUT_FILE\necho \"}\" >> $OUTPUT_FILE\n\n";
		};
		64F874CD2A0FCEFC00064F56 /* SwiftGen */ = {
			isa = PBXShellScriptBuildPhase;
			buildActionMask = 2147483647;
			files = (
			);
			inputFileListPaths = (
			);
			inputPaths = (
			);
			name = SwiftGen;
			outputFileListPaths = (
			);
			outputPaths = (
			);
			runOnlyForDeploymentPostprocessing = 0;
			shellPath = /bin/sh;
			shellScript = "if [[ -f \"${PODS_ROOT}/SwiftGen/bin/swiftgen\" ]]; then\n  \"${PODS_ROOT}/SwiftGen/bin/swiftgen\"\nelse\n  echo \"warning: SwiftGen is not installed. Run 'pod install --repo-update' to install it.\"\nfi \n";
		};
		64F874E12A100EA400064F56 /* Convert txt to json */ = {
			isa = PBXShellScriptBuildPhase;
			buildActionMask = 2147483647;
			files = (
			);
			inputFileListPaths = (
			);
			inputPaths = (
			);
			name = "Convert txt to json";
			outputFileListPaths = (
			);
			outputPaths = (
			);
			runOnlyForDeploymentPostprocessing = 0;
			shellPath = /bin/sh;
			shellScript = "#!/bin/bash\n\nINPUT_FILE=\"rsttur/Resources/Colors_txt/Env_Colors_Gradient.txt\"\nOUTPUT_FILE=\"rsttur/Resources/Colors_json/Env_Colors_Gradient.json\"\n\njsonObject=\"{\"\n\nregex=\"^([^:]+): linear-gradient\\(([0-9]+)deg, #([0-9a-fA-F]{6}) ([0-9]+)%, #([0-9a-fA-F]{6}) ([0-9]+)%\\)$\"\n\nwhile read line; do\n  if [[ $line =~ $regex ]]; then\n    name=\"${BASH_REMATCH[1]}\"\n    angle=\"${BASH_REMATCH[2]}\"\n    startColor=\"#${BASH_REMATCH[3]}\"\n    startColorAlpha=\"${BASH_REMATCH[4]}\"\n    endColor=\"#${BASH_REMATCH[5]}\"\n    endColorAlpha=\"${BASH_REMATCH[6]}\"\n  \n    jsonObject+=\"\\\"$name\\\": {\\\"angle\\\":\\\"$angle\\\",\\\"startColor\\\":\\\"$startColor\\\",\\\"startColorAlpha\\\":\\\"$startColorAlpha\\\",\\\"endColor\\\":\\\"$endColor\\\",\\\"endColorAlpha\\\":\\\"$endColorAlpha\\\"},\"\n  fi\ndone < \"$INPUT_FILE\"\n\njsonObject=\"${jsonObject%?}}\"\necho $jsonObject > $OUTPUT_FILE\n\n";
		};
		F34DC5673FEAA221572456E8 /* [CP] Check Pods Manifest.lock */ = {
			isa = PBXShellScriptBuildPhase;
			buildActionMask = 2147483647;
			files = (
			);
			inputFileListPaths = (
			);
			inputPaths = (
				"${PODS_PODFILE_DIR_PATH}/Podfile.lock",
				"${PODS_ROOT}/Manifest.lock",
			);
			name = "[CP] Check Pods Manifest.lock";
			outputFileListPaths = (
			);
			outputPaths = (
				"$(DERIVED_FILE_DIR)/Pods-rsttur-checkManifestLockResult.txt",
			);
			runOnlyForDeploymentPostprocessing = 0;
			shellPath = /bin/sh;
			shellScript = "diff \"${PODS_PODFILE_DIR_PATH}/Podfile.lock\" \"${PODS_ROOT}/Manifest.lock\" > /dev/null\nif [ $? != 0 ] ; then\n    # print error to STDERR\n    echo \"error: The sandbox is not in sync with the Podfile.lock. Run 'pod install' or update your CocoaPods installation.\" >&2\n    exit 1\nfi\n# This output is used by Xcode 'outputs' to avoid re-running this script phase.\necho \"SUCCESS\" > \"${SCRIPT_OUTPUT_FILE_0}\"\n";
			showEnvVarsInLog = 0;
		};
/* End PBXShellScriptBuildPhase section */

/* Begin PBXSourcesBuildPhase section */
		640102D22A0E813C006CE9B2 /* Sources */ = {
			isa = PBXSourcesBuildPhase;
			buildActionMask = 2147483647;
			files = (
				64A5EA922A12959A00AFBA5D /* Env_Colors_Dictionary.swift in Sources */,
				64A5EAA62A138AA700AFBA5D /* WorkingHoursItemModel.swift in Sources */,
				640F06252A0FB6C200B8202C /* CategoryItemModel.swift in Sources */,
				640F062E2A0FB8EA00B8202C /* PlacesItemView.swift in Sources */,
				64A5EA972A12D20E00AFBA5D /* DetailPlaceView.swift in Sources */,
				64A5EAB02A13E94F00AFBA5D /* LoadingTextView.swift in Sources */,
				640F061C2A0FA84C00B8202C /* CategoriesMainView.swift in Sources */,
				64F874F82A1158BA00064F56 /* LinearGradientModel.swift in Sources */,
				640F063C2A0FBC1200B8202C /* BackendNetworkModels.swift in Sources */,
				641417F42A128F6C00CA30CB /* Color_from_rgba.swift in Sources */,
				64F874FE2A1166DB00064F56 /* BackendRequestBuilder.swift in Sources */,
				64F874EF2A10516700064F56 /* LinearGradient_init.swift in Sources */,
				64F874F12A1051FD00064F56 /* Dictionary_to_LinearGradient.swift in Sources */,
				640F061E2A0FB54500B8202C /* CategoryItemView.swift in Sources */,
				64A5EA9A2A12D56E00AFBA5D /* PlaceDataModel_default_init.swift in Sources */,
				640F06402A0FBCDE00B8202C /* BackendNetworkService.swift in Sources */,
				64A5EAA82A138E0100AFBA5D /* WorkingHoursDataModel_converted.swift in Sources */,
				640F06232A0FB67300B8202C /* CategoriesViewModel.swift in Sources */,
				640102DA2A0E813C006CE9B2 /* rstturApp.swift in Sources */,
				64A5EA952A12AA8700AFBA5D /* SafePlaceImageView.swift in Sources */,
				64F874DA2A0FED9A00064F56 /* Env_Colors_Gradient.swift in Sources */,
				640F062C2A0FB87900B8202C /* PlacesListView.swift in Sources */,
				64F875042A11735300064F56 /* BackendNetworkErrors.swift in Sources */,
				64A5EA9D2A12E7D500AFBA5D /* Compressed_UIImage.swift in Sources */,
				64F874FC2A11662800064F56 /* BackendURLBuilder.swift in Sources */,
				640F063E2A0FBCCA00B8202C /* DeeplinkService.swift in Sources */,
				64F874D02A0FD5EB00064F56 /* Env_Colors.swift in Sources */,
				64F875022A1167AB00064F56 /* BackendRequestType.swift in Sources */,
				64A5EAAC2A1396EE00AFBA5D /* WorkingDaysView.swift in Sources */,
				64A5EAA02A12F18B00AFBA5D /* DataCashingService.swift in Sources */,
				640F063A2A0FBBA900B8202C /* Color_from_hex.swift in Sources */,
			);
			runOnlyForDeploymentPostprocessing = 0;
		};
/* End PBXSourcesBuildPhase section */

/* Begin XCBuildConfiguration section */
		640102E22A0E8144006CE9B2 /* Debug */ = {
			isa = XCBuildConfiguration;
			buildSettings = {
				ALWAYS_SEARCH_USER_PATHS = NO;
				CLANG_ANALYZER_NONNULL = YES;
				CLANG_ANALYZER_NUMBER_OBJECT_CONVERSION = YES_AGGRESSIVE;
				CLANG_CXX_LANGUAGE_STANDARD = "gnu++17";
				CLANG_CXX_LIBRARY = "libc++";
				CLANG_ENABLE_MODULES = YES;
				CLANG_ENABLE_OBJC_ARC = YES;
				CLANG_ENABLE_OBJC_WEAK = YES;
				CLANG_WARN_BLOCK_CAPTURE_AUTORELEASING = YES;
				CLANG_WARN_BOOL_CONVERSION = YES;
				CLANG_WARN_COMMA = YES;
				CLANG_WARN_CONSTANT_CONVERSION = YES;
				CLANG_WARN_DEPRECATED_OBJC_IMPLEMENTATIONS = YES;
				CLANG_WARN_DIRECT_OBJC_ISA_USAGE = YES_ERROR;
				CLANG_WARN_DOCUMENTATION_COMMENTS = YES;
				CLANG_WARN_EMPTY_BODY = YES;
				CLANG_WARN_ENUM_CONVERSION = YES;
				CLANG_WARN_INFINITE_RECURSION = YES;
				CLANG_WARN_INT_CONVERSION = YES;
				CLANG_WARN_NON_LITERAL_NULL_CONVERSION = YES;
				CLANG_WARN_OBJC_IMPLICIT_RETAIN_SELF = YES;
				CLANG_WARN_OBJC_LITERAL_CONVERSION = YES;
				CLANG_WARN_OBJC_ROOT_CLASS = YES_ERROR;
				CLANG_WARN_QUOTED_INCLUDE_IN_FRAMEWORK_HEADER = YES;
				CLANG_WARN_RANGE_LOOP_ANALYSIS = YES;
				CLANG_WARN_STRICT_PROTOTYPES = YES;
				CLANG_WARN_SUSPICIOUS_MOVE = YES;
				CLANG_WARN_UNGUARDED_AVAILABILITY = YES_AGGRESSIVE;
				CLANG_WARN_UNREACHABLE_CODE = YES;
				CLANG_WARN__DUPLICATE_METHOD_MATCH = YES;
				COPY_PHASE_STRIP = NO;
				DEBUG_INFORMATION_FORMAT = dwarf;
				ENABLE_STRICT_OBJC_MSGSEND = YES;
				ENABLE_TESTABILITY = YES;
				GCC_C_LANGUAGE_STANDARD = gnu11;
				GCC_DYNAMIC_NO_PIC = NO;
				GCC_NO_COMMON_BLOCKS = YES;
				GCC_OPTIMIZATION_LEVEL = 0;
				GCC_PREPROCESSOR_DEFINITIONS = (
					"DEBUG=1",
					"$(inherited)",
				);
				GCC_WARN_64_TO_32_BIT_CONVERSION = YES;
				GCC_WARN_ABOUT_RETURN_TYPE = YES_ERROR;
				GCC_WARN_UNDECLARED_SELECTOR = YES;
				GCC_WARN_UNINITIALIZED_AUTOS = YES_AGGRESSIVE;
				GCC_WARN_UNUSED_FUNCTION = YES;
				GCC_WARN_UNUSED_VARIABLE = YES;
				INFOPLIST_KEY_UISupportedInterfaceOrientations_iPhone = "";
				IPHONEOS_DEPLOYMENT_TARGET = 14.0;
				MTL_ENABLE_DEBUG_INFO = INCLUDE_SOURCE;
				MTL_FAST_MATH = YES;
				ONLY_ACTIVE_ARCH = YES;
				SDKROOT = iphoneos;
				SWIFT_ACTIVE_COMPILATION_CONDITIONS = DEBUG;
				SWIFT_OPTIMIZATION_LEVEL = "-Onone";
			};
			name = Debug;
		};
		640102E32A0E8144006CE9B2 /* Release */ = {
			isa = XCBuildConfiguration;
			buildSettings = {
				ALWAYS_SEARCH_USER_PATHS = NO;
				CLANG_ANALYZER_NONNULL = YES;
				CLANG_ANALYZER_NUMBER_OBJECT_CONVERSION = YES_AGGRESSIVE;
				CLANG_CXX_LANGUAGE_STANDARD = "gnu++17";
				CLANG_CXX_LIBRARY = "libc++";
				CLANG_ENABLE_MODULES = YES;
				CLANG_ENABLE_OBJC_ARC = YES;
				CLANG_ENABLE_OBJC_WEAK = YES;
				CLANG_WARN_BLOCK_CAPTURE_AUTORELEASING = YES;
				CLANG_WARN_BOOL_CONVERSION = YES;
				CLANG_WARN_COMMA = YES;
				CLANG_WARN_CONSTANT_CONVERSION = YES;
				CLANG_WARN_DEPRECATED_OBJC_IMPLEMENTATIONS = YES;
				CLANG_WARN_DIRECT_OBJC_ISA_USAGE = YES_ERROR;
				CLANG_WARN_DOCUMENTATION_COMMENTS = YES;
				CLANG_WARN_EMPTY_BODY = YES;
				CLANG_WARN_ENUM_CONVERSION = YES;
				CLANG_WARN_INFINITE_RECURSION = YES;
				CLANG_WARN_INT_CONVERSION = YES;
				CLANG_WARN_NON_LITERAL_NULL_CONVERSION = YES;
				CLANG_WARN_OBJC_IMPLICIT_RETAIN_SELF = YES;
				CLANG_WARN_OBJC_LITERAL_CONVERSION = YES;
				CLANG_WARN_OBJC_ROOT_CLASS = YES_ERROR;
				CLANG_WARN_QUOTED_INCLUDE_IN_FRAMEWORK_HEADER = YES;
				CLANG_WARN_RANGE_LOOP_ANALYSIS = YES;
				CLANG_WARN_STRICT_PROTOTYPES = YES;
				CLANG_WARN_SUSPICIOUS_MOVE = YES;
				CLANG_WARN_UNGUARDED_AVAILABILITY = YES_AGGRESSIVE;
				CLANG_WARN_UNREACHABLE_CODE = YES;
				CLANG_WARN__DUPLICATE_METHOD_MATCH = YES;
				COPY_PHASE_STRIP = NO;
				DEBUG_INFORMATION_FORMAT = "dwarf-with-dsym";
				ENABLE_NS_ASSERTIONS = NO;
				ENABLE_STRICT_OBJC_MSGSEND = YES;
				GCC_C_LANGUAGE_STANDARD = gnu11;
				GCC_NO_COMMON_BLOCKS = YES;
				GCC_WARN_64_TO_32_BIT_CONVERSION = YES;
				GCC_WARN_ABOUT_RETURN_TYPE = YES_ERROR;
				GCC_WARN_UNDECLARED_SELECTOR = YES;
				GCC_WARN_UNINITIALIZED_AUTOS = YES_AGGRESSIVE;
				GCC_WARN_UNUSED_FUNCTION = YES;
				GCC_WARN_UNUSED_VARIABLE = YES;
				INFOPLIST_KEY_UISupportedInterfaceOrientations_iPhone = "";
				IPHONEOS_DEPLOYMENT_TARGET = 14.0;
				MTL_ENABLE_DEBUG_INFO = NO;
				MTL_FAST_MATH = YES;
				SDKROOT = iphoneos;
				SWIFT_COMPILATION_MODE = wholemodule;
				SWIFT_OPTIMIZATION_LEVEL = "-O";
				VALIDATE_PRODUCT = YES;
			};
			name = Release;
		};
		640102E52A0E8144006CE9B2 /* Debug */ = {
			isa = XCBuildConfiguration;
			baseConfigurationReference = 9B2B666E1E3C40511091C86F /* Pods-rsttur.debug.xcconfig */;
			buildSettings = {
				ASSETCATALOG_COMPILER_APPICON_NAME = AppIcon;
				ASSETCATALOG_COMPILER_GLOBAL_ACCENT_COLOR_NAME = AccentColor;
				CODE_SIGN_IDENTITY = "Apple Development";
				CODE_SIGN_STYLE = Automatic;
				CURRENT_PROJECT_VERSION = 1;
				DEVELOPMENT_ASSET_PATHS = "\"rsttur/Resources\"";
				DEVELOPMENT_TEAM = 87G7HNZ9T9;
				ENABLE_PREVIEWS = YES;
				GENERATE_INFOPLIST_FILE = YES;
				INFOPLIST_FILE = rsttur/Resources/Plists/Info.plist;
				INFOPLIST_KEY_UIApplicationSceneManifest_Generation = YES;
				INFOPLIST_KEY_UIApplicationSupportsIndirectInputEvents = YES;
				INFOPLIST_KEY_UILaunchScreen_Generation = YES;
				INFOPLIST_KEY_UISupportedInterfaceOrientations = UIInterfaceOrientationPortrait;
				INFOPLIST_KEY_UISupportedInterfaceOrientations_iPhone = UIInterfaceOrientationPortrait;
				IPHONEOS_DEPLOYMENT_TARGET = 14.0;
				LD_RUNPATH_SEARCH_PATHS = (
					"$(inherited)",
					"@executable_path/Frameworks",
				);
				MARKETING_VERSION = 1.0;
				PRODUCT_BUNDLE_IDENTIFIER = ru.alpatiev.rsttur;
				PRODUCT_NAME = "$(TARGET_NAME)";
				PROVISIONING_PROFILE_SPECIFIER = "";
				SWIFT_EMIT_LOC_STRINGS = YES;
				SWIFT_VERSION = 5.0;
				TARGETED_DEVICE_FAMILY = 1;
			};
			name = Debug;
		};
		640102E62A0E8144006CE9B2 /* Release */ = {
			isa = XCBuildConfiguration;
			baseConfigurationReference = FAA85B4B71EEBD9922733D62 /* Pods-rsttur.release.xcconfig */;
			buildSettings = {
				ASSETCATALOG_COMPILER_APPICON_NAME = AppIcon;
				ASSETCATALOG_COMPILER_GLOBAL_ACCENT_COLOR_NAME = AccentColor;
				CODE_SIGN_IDENTITY = "Apple Development";
				CODE_SIGN_STYLE = Automatic;
				CURRENT_PROJECT_VERSION = 1;
				DEVELOPMENT_ASSET_PATHS = "\"rsttur/Resources\"";
				DEVELOPMENT_TEAM = 87G7HNZ9T9;
				ENABLE_PREVIEWS = YES;
				GENERATE_INFOPLIST_FILE = YES;
				INFOPLIST_FILE = rsttur/Resources/Plists/Info.plist;
				INFOPLIST_KEY_UIApplicationSceneManifest_Generation = YES;
				INFOPLIST_KEY_UIApplicationSupportsIndirectInputEvents = YES;
				INFOPLIST_KEY_UILaunchScreen_Generation = YES;
				INFOPLIST_KEY_UISupportedInterfaceOrientations = UIInterfaceOrientationPortrait;
				INFOPLIST_KEY_UISupportedInterfaceOrientations_iPhone = UIInterfaceOrientationPortrait;
				IPHONEOS_DEPLOYMENT_TARGET = 14.0;
				LD_RUNPATH_SEARCH_PATHS = (
					"$(inherited)",
					"@executable_path/Frameworks",
				);
				MARKETING_VERSION = 1.0;
				PRODUCT_BUNDLE_IDENTIFIER = ru.alpatiev.rsttur;
				PRODUCT_NAME = "$(TARGET_NAME)";
				PROVISIONING_PROFILE_SPECIFIER = "";
				SWIFT_EMIT_LOC_STRINGS = YES;
				SWIFT_VERSION = 5.0;
				TARGETED_DEVICE_FAMILY = 1;
			};
			name = Release;
		};
/* End XCBuildConfiguration section */

/* Begin XCConfigurationList section */
		640102D12A0E813C006CE9B2 /* Build configuration list for PBXProject "rsttur" */ = {
			isa = XCConfigurationList;
			buildConfigurations = (
				640102E22A0E8144006CE9B2 /* Debug */,
				640102E32A0E8144006CE9B2 /* Release */,
			);
			defaultConfigurationIsVisible = 0;
			defaultConfigurationName = Release;
		};
		640102E42A0E8144006CE9B2 /* Build configuration list for PBXNativeTarget "rsttur" */ = {
			isa = XCConfigurationList;
			buildConfigurations = (
				640102E52A0E8144006CE9B2 /* Debug */,
				640102E62A0E8144006CE9B2 /* Release */,
			);
			defaultConfigurationIsVisible = 0;
			defaultConfigurationName = Release;
		};
/* End XCConfigurationList section */
	};
	rootObject = 640102CE2A0E813C006CE9B2 /* Project object */;
}
